Microsoft Visual Studio Solution File, Format Version 12.00
# Visual Studio Version 17
VisualStudioVersion = 17.5.2.0
MinimumVisualStudioVersion = 10.0.40219.1
Project("{2150E333-8FDC-42A3-9474-1A3956D46DE8}") = "backend", "backend", "{1AE8ACA6-933B-BF2A-3671-3E2EAC007D16}"
EndProject
Project("{2150E333-8FDC-42A3-9474-1A3956D46DE8}") = "infrastructure", "infrastructure", "{DFEE68D8-A7D0-1A41-506C-9B74AA9A7B7B}"
EndProject
Project("{FAE04EC0-301F-11D3-BF4B-00C04F79EFBC}") = "DoctorAIBolit.Api", "backend\DoctorAIBolit.Api.csproj", "{8E6A22B1-D144-90A8-F220-921751E7715D}"
EndProject
Project("{2150E333-8FDC-42A3-9474-1A3956D46DE8}") = "cdk", "cdk", "{677AD407-7FF7-70DE-8E63-7F64CBFAFCFE}"
EndProject
Project("{2150E333-8FDC-42A3-9474-1A3956D46DE8}") = "node_modules", "node_modules", "{CCD3CA5D-4999-4706-5BC6-429D55AE2EEE}"
EndProject
Project("{2150E333-8FDC-42A3-9474-1A3956D46DE8}") = "aws-cdk", "aws-cdk", "{F4715471-0D5E-E6B3-A041-CB52634A915F}"
EndProject
Project("{2150E333-8FDC-42A3-9474-1A3956D46DE8}") = "lib", "lib", "{358CB18D-E20F-519E-27D7-E17CB49488B6}"
EndProject
Project("{2150E333-8FDC-42A3-9474-1A3956D46DE8}") = "init-templates", "init-templates", "{0D4ADC5A-9CAD-9578-3830-DA4E127FC75C}"
EndProject
Project("{2150E333-8FDC-42A3-9474-1A3956D46DE8}") = "app", "app", "{BB5AD011-776F-C3B1-A5FA-D45314C93123}"
EndProject
Project("{2150E333-8FDC-42A3-9474-1A3956D46DE8}") = "csharp", "csharp", "{795F3F25-77AC-36C7-8678-6D3976BADC3A}"
EndProject
Project("{2150E333-8FDC-42A3-9474-1A3956D46DE8}") = "src", "src", "{C7DB607F-EEC0-2F7E-0C8C-A47776CD5AB9}"
EndProject
Project("{2150E333-8FDC-42A3-9474-1A3956D46DE8}") = "%name.PascalCased%", "%name.PascalCased%", "{D8FBE975-55AA-CD6A-3254-E74DFEFF89A8}"
EndProject
Project("{FAE04EC0-301F-11D3-BF4B-00C04F79EFBC}") = "%name.PascalCased%.template", "infrastructure\cdk\node_modules\aws-cdk\lib\init-templates\app\csharp\src\%name.PascalCased%\%name.PascalCased%.template.csproj", "{4E045975-97CD-B395-D098-76232FE60ECB}"
EndProject
Project("{2150E333-8FDC-42A3-9474-1A3956D46DE8}") = "sample-app", "sample-app", "{BE012809-7F7F-CF6D-85E8-9893ED56AF8C}"
EndProject
Project("{2150E333-8FDC-42A3-9474-1A3956D46DE8}") = "csharp", "csharp", "{82B5AD01-B445-556D-9BDA-F89DB72C09E5}"
EndProject
Project("{2150E333-8FDC-42A3-9474-1A3956D46DE8}") = "src", "src", "{80662CCF-0398-9D00-64F9-C24F199A0090}"
EndProject
Project("{2150E333-8FDC-42A3-9474-1A3956D46DE8}") = "%name.PascalCased%", "%name.PascalCased%", "{B536B99E-5F76-0A33-6E6E-B56F0D5B5B5A}"
EndProject
Project("{FAE04EC0-301F-11D3-BF4B-00C04F79EFBC}") = "%name.PascalCased%.template", "infrastructure\cdk\node_modules\aws-cdk\lib\init-templates\sample-app\csharp\src\%name.PascalCased%\%name.PascalCased%.template.csproj", "{0C2687E3-2547-1BA7-3660-DEEECF7F8D6F}"
EndProject
Global
	GlobalSection(SolutionConfigurationPlatforms) = preSolution
		Debug|Any CPU = Debug|Any CPU
		Release|Any CPU = Release|Any CPU
	EndGlobalSection
	GlobalSection(ProjectConfigurationPlatforms) = postSolution
		{8E6A22B1-D144-90A8-F220-921751E7715D}.Debug|Any CPU.ActiveCfg = Debug|Any CPU
		{8E6A22B1-D144-90A8-F220-921751E7715D}.Debug|Any CPU.Build.0 = Debug|Any CPU
		{8E6A22B1-D144-90A8-F220-921751E7715D}.Release|Any CPU.ActiveCfg = Release|Any CPU
		{8E6A22B1-D144-90A8-F220-921751E7715D}.Release|Any CPU.Build.0 = Release|Any CPU
		{4E045975-97CD-B395-D098-76232FE60ECB}.Debug|Any CPU.ActiveCfg = Debug|Any CPU
		{4E045975-97CD-B395-D098-76232FE60ECB}.Debug|Any CPU.Build.0 = Debug|Any CPU
		{4E045975-97CD-B395-D098-76232FE60ECB}.Release|Any CPU.ActiveCfg = Release|Any CPU
		{4E045975-97CD-B395-D098-76232FE60ECB}.Release|Any CPU.Build.0 = Release|Any CPU
		{0C2687E3-2547-1BA7-3660-DEEECF7F8D6F}.Debug|Any CPU.ActiveCfg = Debug|Any CPU
		{0C2687E3-2547-1BA7-3660-DEEECF7F8D6F}.Debug|Any CPU.Build.0 = Debug|Any CPU
		{0C2687E3-2547-1BA7-3660-DEEECF7F8D6F}.Release|Any CPU.ActiveCfg = Release|Any CPU
		{0C2687E3-2547-1BA7-3660-DEEECF7F8D6F}.Release|Any CPU.Build.0 = Release|Any CPU
	EndGlobalSection
	GlobalSection(SolutionProperties) = preSolution
		HideSolutionNode = FALSE
	EndGlobalSection
	GlobalSection(NestedProjects) = preSolution
		{8E6A22B1-D144-90A8-F220-921751E7715D} = {1AE8ACA6-933B-BF2A-3671-3E2EAC007D16}
		{677AD407-7FF7-70DE-8E63-7F64CBFAFCFE} = {DFEE68D8-A7D0-1A41-506C-9B74AA9A7B7B}
		{CCD3CA5D-4999-4706-5BC6-429D55AE2EEE} = {677AD407-7FF7-70DE-8E63-7F64CBFAFCFE}
		{F4715471-0D5E-E6B3-A041-CB52634A915F} = {CCD3CA5D-4999-4706-5BC6-429D55AE2EEE}
		{358CB18D-E20F-519E-27D7-E17CB49488B6} = {F4715471-0D5E-E6B3-A041-CB52634A915F}
		{0D4ADC5A-9CAD-9578-3830-DA4E127FC75C} = {358CB18D-E20F-519E-27D7-E17CB49488B6}
		{BB5AD011-776F-C3B1-A5FA-D45314C93123} = {0D4ADC5A-9CAD-9578-3830-DA4E127FC75C}
		{795F3F25-77AC-36C7-8678-6D3976BADC3A} = {BB5AD011-776F-C3B1-A5FA-D45314C93123}
		{C7DB607F-EEC0-2F7E-0C8C-A47776CD5AB9} = {795F3F25-77AC-36C7-8678-6D3976BADC3A}
		{D8FBE975-55AA-CD6A-3254-E74DFEFF89A8} = {C7DB607F-EEC0-2F7E-0C8C-A47776CD5AB9}
		{4E045975-97CD-B395-D098-76232FE60ECB} = {D8FBE975-55AA-CD6A-3254-E74DFEFF89A8}
		{BE012809-7F7F-CF6D-85E8-9893ED56AF8C} = {0D4ADC5A-9CAD-9578-3830-DA4E127FC75C}
		{82B5AD01-B445-556D-9BDA-F89DB72C09E5} = {BE012809-7F7F-CF6D-85E8-9893ED56AF8C}
		{80662CCF-0398-9D00-64F9-C24F199A0090} = {82B5AD01-B445-556D-9BDA-F89DB72C09E5}
		{B536B99E-5F76-0A33-6E6E-B56F0D5B5B5A} = {80662CCF-0398-9D00-64F9-C24F199A0090}
		{0C2687E3-2547-1BA7-3660-DEEECF7F8D6F} = {B536B99E-5F76-0A33-6E6E-B56F0D5B5B5A}
	EndGlobalSection
	GlobalSection(ExtensibilityGlobals) = postSolution
		SolutionGuid = {49CBEA69-F613-49A3-AB82-F7DCC774803A}
	EndGlobalSection
EndGlobal
